
Microsoft Visual Studio Solution File, Format Version 12.00
# Visual Studio Version 17
VisualStudioVersion = 17.3.32819.101
MinimumVisualStudioVersion = 10.0.40219.1
Project("{FAE04EC0-301F-11D3-BF4B-00C04F79EFBC}") = "ConsoleApp4", "ConsoleApp4\ConsoleApp4.csproj", "{DA5337CE-96C0-4BE6-ACDA-39720C72F656}"
EndProject
Global
	GlobalSection(SolutionConfigurationPlatforms) = preSolution
		Debug|Any CPU = Debug|Any CPU
		Release|Any CPU = Release|Any CPU
	EndGlobalSection
	GlobalSection(ProjectConfigurationPlatforms) = postSolution
		{DA5337CE-96C0-4BE6-ACDA-39720C72F656}.Debug|Any CPU.ActiveCfg = Debug|Any CPU
		{DA5337CE-96C0-4BE6-ACDA-39720C72F656}.Debug|Any CPU.Build.0 = Debug|Any CPU
		{DA5337CE-96C0-4BE6-ACDA-39720C72F656}.Release|Any CPU.ActiveCfg = Release|Any CPU
		{DA5337CE-96C0-4BE6-ACDA-39720C72F656}.Release|Any CPU.Build.0 = Release|Any CPU
	EndGlobalSection
	GlobalSection(SolutionProperties) = preSolution
		HideSolutionNode = FALSE
	EndGlobalSection
	GlobalSection(ExtensibilityGlobals) = postSolution
		SolutionGuid = {6911438E-8644-4B10-BEEB-5AA27CFF7A1D}
	EndGlobalSection
EndGlobal
